Microsoft Visual Studio Solution File, Format Version 12.00
# Visual Studio 14
VisualStudioVersion = 14.0.24720.0
MinimumVisualStudioVersion = 10.0.40219.1
Project("{8BC9CEB8-8B4A-11D0-8D11-00A0C91BC942}") = "JoeQuake", "JoeQuake.vcxproj", "{8BAAFF94-EA92-4366-9B4F-B9E9F896CF1D}"
EndProject
Global
	GlobalSection(SolutionConfigurationPlatforms) = preSolution
		Direct3D Release|Win32 = Direct3D Release|Win32
		GL Debug|Win32 = GL Debug|Win32
		GL Release|Win32 = GL Release|Win32
		Software Debug|Win32 = Software Debug|Win32
		Software Release|Win32 = Software Release|Win32
	EndGlobalSection
	GlobalSection(ProjectConfigurationPlatforms) = postSolution
		{8BAAFF94-EA92-4366-9B4F-B9E9F896CF1D}.Direct3D Release|Win32.ActiveCfg = Direct3D Release|Win32
		{8BAAFF94-EA92-4366-9B4F-B9E9F896CF1D}.Direct3D Release|Win32.Build.0 = Direct3D Release|Win32
		{8BAAFF94-EA92-4366-9B4F-B9E9F896CF1D}.GL Debug|Win32.ActiveCfg = GL Debug|Win32
		{8BAAFF94-EA92-4366-9B4F-B9E9F896CF1D}.GL Debug|Win32.Build.0 = GL Debug|Win32
		{8BAAFF94-EA92-4366-9B4F-B9E9F896CF1D}.GL Release|Win32.ActiveCfg = GL Release|Win32
		{8BAAFF94-EA92-4366-9B4F-B9E9F896CF1D}.GL Release|Win32.Build.0 = GL Release|Win32
		{8BAAFF94-EA92-4366-9B4F-B9E9F896CF1D}.Software Debug|Win32.ActiveCfg = Software Debug|Win32
		{8BAAFF94-EA92-4366-9B4F-B9E9F896CF1D}.Software Debug|Win32.Build.0 = Software Debug|Win32
		{8BAAFF94-EA92-4366-9B4F-B9E9F896CF1D}.Software Release|Win32.ActiveCfg = Software Release|Win32
		{8BAAFF94-EA92-4366-9B4F-B9E9F896CF1D}.Software Release|Win32.Build.0 = Software Release|Win32
	EndGlobalSection
	GlobalSection(SolutionProperties) = preSolution
		HideSolutionNode = FALSE
	EndGlobalSection
EndGlobal
